// !$*UTF8*$!
{
	archiveVersion = 1;
	classes = {
	};
	objectVersion = 46;
	objects = {

/* Begin PBXBuildFile section */
		B8DEEB9F1B7B0ACA008C8E1A /* main.m in Sources */ = {isa = PBXBuildFile; fileRef = B8DEEB9E1B7B0ACA008C8E1A /* main.m */; };
		B8DEEBA21B7B0ACA008C8E1A /* AppDelegate.m in Sources */ = {isa = PBXBuildFile; fileRef = B8DEEBA11B7B0ACA008C8E1A /* AppDelegate.m */; };
		B8DEEBA81B7B0ACA008C8E1A /* Main.storyboard in Resources */ = {isa = PBXBuildFile; fileRef = B8DEEBA61B7B0ACA008C8E1A /* Main.storyboard */; };
		B8DEEBAA1B7B0ACA008C8E1A /* Images.xcassets in Resources */ = {isa = PBXBuildFile; fileRef = B8DEEBA91B7B0ACA008C8E1A /* Images.xcassets */; };
		B8DEEBAD1B7B0ACA008C8E1A /* LaunchScreen.xib in Resources */ = {isa = PBXBuildFile; fileRef = B8DEEBAB1B7B0ACA008C8E1A /* LaunchScreen.xib */; };
		B8DEEBB91B7B0ACA008C8E1A /* BlurProcessorExampleTests.m in Sources */ = {isa = PBXBuildFile; fileRef = B8DEEBB81B7B0ACA008C8E1A /* BlurProcessorExampleTests.m */; };
		B8DEEBC71B7B0AE3008C8E1A /* UIImage+ImageEffects.m in Sources */ = {isa = PBXBuildFile; fileRef = B8DEEBC41B7B0AE3008C8E1A /* UIImage+ImageEffects.m */; };
		B8DEEBC81B7B0AE3008C8E1A /* UIImageView+YSBlurProcessor.m in Sources */ = {isa = PBXBuildFile; fileRef = B8DEEBC61B7B0AE3008C8E1A /* UIImageView+YSBlurProcessor.m */; };
		B8DEEBCB1B7B1342008C8E1A /* ProcessorViewController.m in Sources */ = {isa = PBXBuildFile; fileRef = B8DEEBCA1B7B1342008C8E1A /* ProcessorViewController.m */; };
/* End PBXBuildFile section */

/* Begin PBXContainerItemProxy section */
		B8DEEBB31B7B0ACA008C8E1A /* PBXContainerItemProxy */ = {
			isa = PBXContainerItemProxy;
			containerPortal = B8DEEB911B7B0ACA008C8E1A /* Project object */;
			proxyType = 1;
			remoteGlobalIDString = B8DEEB981B7B0ACA008C8E1A;
			remoteInfo = BlurProcessorExample;
		};
/* End PBXContainerItemProxy section */

/* Begin PBXFileReference section */
		B8DEEB991B7B0ACA008C8E1A /* BlurProcessorExample.app */ = {isa = PBXFileReference; explicitFileType = wrapper.application; includeInIndex = 0; path = BlurProcessorExample.app; sourceTree = BUILT_PRODUCTS_DIR; };
		B8DEEB9D1B7B0ACA008C8E1A /* Info.plist */ = {isa = PBXFileReference; lastKnownFileType = text.plist.xml; path = Info.plist; sourceTree = "<group>"; };
		B8DEEB9E1B7B0ACA008C8E1A /* main.m */ = {isa = PBXFileReference; lastKnownFileType = sourcecode.c.objc; path = main.m; sourceTree = "<group>"; };
		B8DEEBA01B7B0ACA008C8E1A /* AppDelegate.h */ = {isa = PBXFileReference; lastKnownFileType = sourcecode.c.h; path = AppDelegate.h; sourceTree = "<group>"; };
		B8DEEBA11B7B0ACA008C8E1A /* AppDelegate.m */ = {isa = PBXFileReference; lastKnownFileType = sourcecode.c.objc; path = AppDelegate.m; sourceTree = "<group>"; };
		B8DEEBA71B7B0ACA008C8E1A /* Base */ = {isa = PBXFileReference; lastKnownFileType = file.storyboard; name = Base; path = Base.lproj/Main.storyboard; sourceTree = "<group>"; };
		B8DEEBA91B7B0ACA008C8E1A /* Images.xcassets */ = {isa = PBXFileReference; lastKnownFileType = folder.assetcatalog; path = Images.xcassets; sourceTree = "<group>"; };
		B8DEEBAC1B7B0ACA008C8E1A /* Base */ = {isa = PBXFileReference; lastKnownFileType = file.xib; name = Base; path = Base.lproj/LaunchScreen.xib; sourceTree = "<group>"; };
		B8DEEBB21B7B0ACA008C8E1A /* BlurProcessorExampleTests.xctest */ = {isa = PBXFileReference; explicitFileType = wrapper.cfbundle; includeInIndex = 0; path = BlurProcessorExampleTests.xctest; sourceTree = BUILT_PRODUCTS_DIR; };
		B8DEEBB71B7B0ACA008C8E1A /* Info.plist */ = {isa = PBXFileReference; lastKnownFileType = text.plist.xml; path = Info.plist; sourceTree = "<group>"; };
		B8DEEBB81B7B0ACA008C8E1A /* BlurProcessorExampleTests.m */ = {isa = PBXFileReference; lastKnownFileType = sourcecode.c.objc; path = BlurProcessorExampleTests.m; sourceTree = "<group>"; };
		B8DEEBC31B7B0AE3008C8E1A /* UIImage+ImageEffects.h */ = {isa = PBXFileReference; fileEncoding = 4; lastKnownFileType = sourcecode.c.h; path = "UIImage+ImageEffects.h"; sourceTree = "<group>"; };
		B8DEEBC41B7B0AE3008C8E1A /* UIImage+ImageEffects.m */ = {isa = PBXFileReference; fileEncoding = 4; lastKnownFileType = sourcecode.c.objc; path = "UIImage+ImageEffects.m"; sourceTree = "<group>"; };
		B8DEEBC51B7B0AE3008C8E1A /* UIImageView+YSBlurProcessor.h */ = {isa = PBXFileReference; fileEncoding = 4; lastKnownFileType = sourcecode.c.h; path = "UIImageView+YSBlurProcessor.h"; sourceTree = "<group>"; };
		B8DEEBC61B7B0AE3008C8E1A /* UIImageView+YSBlurProcessor.m */ = {isa = PBXFileReference; fileEncoding = 4; lastKnownFileType = sourcecode.c.objc; path = "UIImageView+YSBlurProcessor.m"; sourceTree = "<group>"; };
		B8DEEBC91B7B1342008C8E1A /* ProcessorViewController.h */ = {isa = PBXFileReference; fileEncoding = 4; lastKnownFileType = sourcecode.c.h; path = ProcessorViewController.h; sourceTree = "<group>"; };
		B8DEEBCA1B7B1342008C8E1A /* ProcessorViewController.m */ = {isa = PBXFileReference; fileEncoding = 4; lastKnownFileType = sourcecode.c.objc; path = ProcessorViewController.m; sourceTree = "<group>"; };
/* End PBXFileReference section */

/* Begin PBXFrameworksBuildPhase section */
		B8DEEB961B7B0ACA008C8E1A /* Frameworks */ = {
			isa = PBXFrameworksBuildPhase;
			buildActionMask = 2147483647;
			files = (
			);
			runOnlyForDeploymentPostprocessing = 0;
		};
		B8DEEBAF1B7B0ACA008C8E1A /* Frameworks */ = {
			isa = PBXFrameworksBuildPhase;
			buildActionMask = 2147483647;
			files = (
			);
			runOnlyForDeploymentPostprocessing = 0;
		};
/* End PBXFrameworksBuildPhase section */

/* Begin PBXGroup section */
		B8DEEB901B7B0ACA008C8E1A = {
			isa = PBXGroup;
			children = (
				B8DEEB9B1B7B0ACA008C8E1A /* BlurProcessorExample */,
				B8DEEBC21B7B0AE3008C8E1A /* BlurProcessor */,
				B8DEEBB51B7B0ACA008C8E1A /* BlurProcessorExampleTests */,
				B8DEEB9A1B7B0ACA008C8E1A /* Products */,
			);
			sourceTree = "<group>";
		};
		B8DEEB9A1B7B0ACA008C8E1A /* Products */ = {
			isa = PBXGroup;
			children = (
				B8DEEB991B7B0ACA008C8E1A /* BlurProcessorExample.app */,
				B8DEEBB21B7B0ACA008C8E1A /* BlurProcessorExampleTests.xctest */,
			);
			name = Products;
			sourceTree = "<group>";
		};
		B8DEEB9B1B7B0ACA008C8E1A /* BlurProcessorExample */ = {
			isa = PBXGroup;
			children = (
				B8DEEBA01B7B0ACA008C8E1A /* AppDelegate.h */,
				B8DEEBA11B7B0ACA008C8E1A /* AppDelegate.m */,
				B8DEEBC91B7B1342008C8E1A /* ProcessorViewController.h */,
				B8DEEBCA1B7B1342008C8E1A /* ProcessorViewController.m */,
				B8DEEBA61B7B0ACA008C8E1A /* Main.storyboard */,
				B8DEEBA91B7B0ACA008C8E1A /* Images.xcassets */,
				B8DEEBAB1B7B0ACA008C8E1A /* LaunchScreen.xib */,
				B8DEEB9C1B7B0ACA008C8E1A /* Supporting Files */,
			);
			path = BlurProcessorExample;
			sourceTree = "<group>";
		};
		B8DEEB9C1B7B0ACA008C8E1A /* Supporting Files */ = {
			isa = PBXGroup;
			children = (
				B8DEEB9D1B7B0ACA008C8E1A /* Info.plist */,
				B8DEEB9E1B7B0ACA008C8E1A /* main.m */,
			);
			name = "Supporting Files";
			sourceTree = "<group>";
		};
		B8DEEBB51B7B0ACA008C8E1A /* BlurProcessorExampleTests */ = {
			isa = PBXGroup;
			children = (
				B8DEEBB81B7B0ACA008C8E1A /* BlurProcessorExampleTests.m */,
				B8DEEBB61B7B0ACA008C8E1A /* Supporting Files */,
			);
			path = BlurProcessorExampleTests;
			sourceTree = "<group>";
		};
		B8DEEBB61B7B0ACA008C8E1A /* Supporting Files */ = {
			isa = PBXGroup;
			children = (
				B8DEEBB71B7B0ACA008C8E1A /* Info.plist */,
			);
			name = "Supporting Files";
			sourceTree = "<group>";
		};
		B8DEEBC21B7B0AE3008C8E1A /* BlurProcessor */ = {
			isa = PBXGroup;
			children = (
				B8DEEBC31B7B0AE3008C8E1A /* UIImage+ImageEffects.h */,
				B8DEEBC41B7B0AE3008C8E1A /* UIImage+ImageEffects.m */,
				B8DEEBC51B7B0AE3008C8E1A /* UIImageView+YSBlurProcessor.h */,
				B8DEEBC61B7B0AE3008C8E1A /* UIImageView+YSBlurProcessor.m */,
			);
			name = BlurProcessor;
			path = ../../Classes/BlurProcessor;
			sourceTree = "<group>";
		};
/* End PBXGroup section */

/* Begin PBXNativeTarget section */
		B8DEEB981B7B0ACA008C8E1A /* BlurProcessorExample */ = {
			isa = PBXNativeTarget;
			buildConfigurationList = B8DEEBBC1B7B0ACA008C8E1A /* Build configuration list for PBXNativeTarget "BlurProcessorExample" */;
			buildPhases = (
				B8DEEB951B7B0ACA008C8E1A /* Sources */,
				B8DEEB961B7B0ACA008C8E1A /* Frameworks */,
				B8DEEB971B7B0ACA008C8E1A /* Resources */,
			);
			buildRules = (
			);
			dependencies = (
			);
			name = BlurProcessorExample;
			productName = BlurProcessorExample;
			productReference = B8DEEB991B7B0ACA008C8E1A /* BlurProcessorExample.app */;
			productType = "com.apple.product-type.application";
		};
		B8DEEBB11B7B0ACA008C8E1A /* BlurProcessorExampleTests */ = {
			isa = PBXNativeTarget;
			buildConfigurationList = B8DEEBBF1B7B0ACA008C8E1A /* Build configuration list for PBXNativeTarget "BlurProcessorExampleTests" */;
			buildPhases = (
				B8DEEBAE1B7B0ACA008C8E1A /* Sources */,
				B8DEEBAF1B7B0ACA008C8E1A /* Frameworks */,
				B8DEEBB01B7B0ACA008C8E1A /* Resources */,
			);
			buildRules = (
			);
			dependencies = (
				B8DEEBB41B7B0ACA008C8E1A /* PBXTargetDependency */,
			);
			name = BlurProcessorExampleTests;
			productName = BlurProcessorExampleTests;
			productReference = B8DEEBB21B7B0ACA008C8E1A /* BlurProcessorExampleTests.xctest */;
			productType = "com.apple.product-type.bundle.unit-test";
		};
/* End PBXNativeTarget section */

/* Begin PBXProject section */
		B8DEEB911B7B0ACA008C8E1A /* Project object */ = {
			isa = PBXProject;
			attributes = {
				LastUpgradeCheck = 0640;
				ORGANIZATIONNAME = "Yu Sugawara";
				TargetAttributes = {
					B8DEEB981B7B0ACA008C8E1A = {
						CreatedOnToolsVersion = 6.4;
					};
					B8DEEBB11B7B0ACA008C8E1A = {
						CreatedOnToolsVersion = 6.4;
						TestTargetID = B8DEEB981B7B0ACA008C8E1A;
					};
				};
			};
			buildConfigurationList = B8DEEB941B7B0ACA008C8E1A /* Build configuration list for PBXProject "BlurProcessorExample" */;
			compatibilityVersion = "Xcode 3.2";
			developmentRegion = English;
			hasScannedForEncodings = 0;
			knownRegions = (
				en,
				Base,
			);
			mainGroup = B8DEEB901B7B0ACA008C8E1A;
			productRefGroup = B8DEEB9A1B7B0ACA008C8E1A /* Products */;
			projectDirPath = "";
			projectRoot = "";
			targets = (
				B8DEEB981B7B0ACA008C8E1A /* BlurProcessorExample */,
				B8DEEBB11B7B0ACA008C8E1A /* BlurProcessorExampleTests */,
			);
		};
/* End PBXProject section */

/* Begin PBXResourcesBuildPhase section */
		B8DEEB971B7B0ACA008C8E1A /* Resources */ = {
			isa = PBXResourcesBuildPhase;
			buildActionMask = 2147483647;
			files = (
				B8DEEBA81B7B0ACA008C8E1A /* Main.storyboard in Resources */,
				B8DEEBAD1B7B0ACA008C8E1A /* LaunchScreen.xib in Resources */,
				B8DEEBAA1B7B0ACA008C8E1A /* Images.xcassets in Resources */,
			);
			runOnlyForDeploymentPostprocessing = 0;
		};
		B8DEEBB01B7B0ACA008C8E1A /* Resources */ = {
			isa = PBXResourcesBuildPhase;
			buildActionMask = 2147483647;
			files = (
			);
			runOnlyForDeploymentPostprocessing = 0;
		};
/* End PBXResourcesBuildPhase section */

/* Begin PBXSourcesBuildPhase section */
		B8DEEB951B7B0ACA008C8E1A /* Sources */ = {
			isa = PBXSourcesBuildPhase;
			buildActionMask = 2147483647;
			files = (
				B8DEEBCB1B7B1342008C8E1A /* ProcessorViewController.m in Sources */,
				B8DEEBC71B7B0AE3008C8E1A /* UIImage+ImageEffects.m in Sources */,
				B8DEEBC81B7B0AE3008C8E1A /* UIImageView+YSBlurProcessor.m in Sources */,
				B8DEEBA21B7B0ACA008C8E1A /* AppDelegate.m in Sources */,
				B8DEEB9F1B7B0ACA008C8E1A /* main.m in Sources */,
			);
			runOnlyForDeploymentPostprocessing = 0;
		};
		B8DEEBAE1B7B0ACA008C8E1A /* Sources */ = {
			isa = PBXSourcesBuildPhase;
			buildActionMask = 2147483647;
			files = (
				B8DEEBB91B7B0ACA008C8E1A /* BlurProcessorExampleTests.m in Sources */,
			);
			runOnlyForDeploymentPostprocessing = 0;
		};
/* End PBXSourcesBuildPhase section */

/* Begin PBXTargetDependency section */
		B8DEEBB41B7B0ACA008C8E1A /* PBXTargetDependency */ = {
			isa = PBXTargetDependency;
			target = B8DEEB981B7B0ACA008C8E1A /* BlurProcessorExample */;
			targetProxy = B8DEEBB31B7B0ACA008C8E1A /* PBXContainerItemProxy */;
		};
/* End PBXTargetDependency section */

/* Begin PBXVariantGroup section */
		B8DEEBA61B7B0ACA008C8E1A /* Main.storyboard */ = {
			isa = PBXVariantGroup;
			children = (
				B8DEEBA71B7B0ACA008C8E1A /* Base */,
			);
			name = Main.storyboard;
			sourceTree = "<group>";
		};
		B8DEEBAB1B7B0ACA008C8E1A /* LaunchScreen.xib */ = {
			isa = PBXVariantGroup;
			children = (
				B8DEEBAC1B7B0ACA008C8E1A /* Base */,
			);
			name = LaunchScreen.xib;
			sourceTree = "<group>";
		};
/* End PBXVariantGroup section */

/* Begin XCBuildConfiguration section */
		B8DEEBBA1B7B0ACA008C8E1A /* Debug */ = {
			isa = XCBuildConfiguration;
			buildSettings = {
				ALWAYS_SEARCH_USER_PATHS = NO;
				CLANG_CXX_LANGUAGE_STANDARD = "gnu++0x";
				CLANG_CXX_LIBRARY = "libc++";
				CLANG_ENABLE_MODULES = YES;
				CLANG_ENABLE_OBJC_ARC = YES;
				CLANG_WARN_BOOL_CONVERSION = YES;
				CLANG_WARN_CONSTANT_CONVERSION = YES;
				CLANG_WARN_DIRECT_OBJC_ISA_USAGE = YES_ERROR;
				CLANG_WARN_EMPTY_BODY = YES;
				CLANG_WARN_ENUM_CONVERSION = YES;
				CLANG_WARN_INT_CONVERSION = YES;
				CLANG_WARN_OBJC_ROOT_CLASS = YES_ERROR;
				CLANG_WARN_UNREACHABLE_CODE = YES;
				CLANG_WARN__DUPLICATE_METHOD_MATCH = YES;
				"CODE_SIGN_IDENTITY[sdk=iphoneos*]" = "iPhone Developer";
				COPY_PHASE_STRIP = NO;
				DEBUG_INFORMATION_FORMAT = "dwarf-with-dsym";
				ENABLE_STRICT_OBJC_MSGSEND = YES;
				GCC_C_LANGUAGE_STANDARD = gnu99;
				GCC_DYNAMIC_NO_PIC = NO;
				GCC_NO_COMMON_BLOCKS = YES;
				GCC_OPTIMIZATION_LEVEL = 0;
				GCC_PREPROCESSOR_DEFINITIONS = (
					"DEBUG=1",
					"$(inherited)",
				);
				GCC_SYMBOLS_PRIVATE_EXTERN = NO;
				GCC_WARN_64_TO_32_BIT_CONVERSION = YES;
				GCC_WARN_ABOUT_RETURN_TYPE = YES_ERROR;
				GCC_WARN_UNDECLARED_SELECTOR = YES;
				GCC_WARN_UNINITIALIZED_AUTOS = YES_AGGRESSIVE;
				GCC_WARN_UNUSED_FUNCTION = YES;
				GCC_WARN_UNUSED_VARIABLE = YES;
				IPHONEOS_DEPLOYMENT_TARGET = 8.4;
				MTL_ENABLE_DEBUG_INFO = YES;
				ONLY_ACTIVE_ARCH = YES;
				SDKROOT = iphoneos;
			};
			name = Debug;
		};
		B8DEEBBB1B7B0ACA008C8E1A /* Release */ = {
			isa = XCBuildConfiguration;
			buildSettings = {
				ALWAYS_SEARCH_USER_PATHS = NO;
				CLANG_CXX_LANGUAGE_STANDARD = "gnu++0x";
				CLANG_CXX_LIBRARY = "libc++";
				CLANG_ENABLE_MODULES = YES;
				CLANG_ENABLE_OBJC_ARC = YES;
				CLANG_WARN_BOOL_CONVERSION = YES;
				CLANG_WARN_CONSTANT_CONVERSION = YES;
				CLANG_WARN_DIRECT_OBJC_ISA_USAGE = YES_ERROR;
				CLANG_WARN_EMPTY_BODY = YES;
				CLANG_WARN_ENUM_CONVERSION = YES;
				CLANG_WARN_INT_CONVERSION = YES;
				CLANG_WARN_OBJC_ROOT_CLASS = YES_ERROR;
				CLANG_WARN_UNREACHABLE_CODE = YES;
				CLANG_WARN__DUPLICATE_METHOD_MATCH = YES;
				"CODE_SIGN_IDENTITY[sdk=iphoneos*]" = "iPhone Developer";
				COPY_PHASE_STRIP = NO;
				DEBUG_INFORMATION_FORMAT = "dwarf-with-dsym";
				ENABLE_NS_ASSERTIONS = NO;
				ENABLE_STRICT_OBJC_MSGSEND = YES;
				GCC_C_LANGUAGE_STANDARD = gnu99;
				GCC_NO_COMMON_BLOCKS = YES;
				GCC_WARN_64_TO_32_BIT_CONVERSION = YES;
				GCC_WARN_ABOUT_RETURN_TYPE = YES_ERROR;
				GCC_WARN_UNDECLARED_SELECTOR = YES;
				GCC_WARN_UNINITIALIZED_AUTOS = YES_AGGRESSIVE;
				GCC_WARN_UNUSED_FUNCTION = YES;
				GCC_WARN_UNUSED_VARIABLE = YES;
				IPHONEOS_DEPLOYMENT_TARGET = 8.4;
				MTL_ENABLE_DEBUG_INFO = NO;
				SDKROOT = iphoneos;
				VALIDATE_PRODUCT = YES;
			};
			name = Release;
		};
		B8DEEBBD1B7B0ACA008C8E1A /* Debug */ = {
			isa = XCBuildConfiguration;
			buildSettings = {
				ASSETCATALOG_COMPILER_APPICON_NAME = AppIcon;
				INFOPLIST_FILE = BlurProcessorExample/Info.plist;
				IPHONEOS_DEPLOYMENT_TARGET = 7.1;
				LD_RUNPATH_SEARCH_PATHS = "$(inherited) @executable_path/Frameworks";
				PRODUCT_NAME = "$(TARGET_NAME)";
			};
			name = Debug;
		};
		B8DEEBBE1B7B0ACA008C8E1A /* Release */ = {
			isa = XCBuildConfiguration;
			buildSettings = {
				ASSETCATALOG_COMPILER_APPICON_NAME = AppIcon;
				INFOPLIST_FILE = BlurProcessorExample/Info.plist;
				IPHONEOS_DEPLOYMENT_TARGET = 7.1;
				LD_RUNPATH_SEARCH_PATHS = "$(inherited) @executable_path/Frameworks";
				PRODUCT_NAME = "$(TARGET_NAME)";
			};
			name = Release;
		};
		B8DEEBC01B7B0ACA008C8E1A /* Debug */ = {
			isa = XCBuildConfiguration;
			buildSettings = {
				BUNDLE_LOADER = "$(TEST_HOST)";
				FRAMEWORK_SEARCH_PATHS = (
					"$(SDKROOT)/Developer/Library/Frameworks",
					"$(inherited)",
				);
				GCC_PREPROCESSOR_DEFINITIONS = (
					"DEBUG=1",
					"$(inherited)",
				);
				INFOPLIST_FILE = BlurProcessorExampleTests/Info.plist;
				LD_RUNPATH_SEARCH_PATHS = "$(inherited) @executable_path/Frameworks @loader_path/Frameworks";
				PRODUCT_NAME = "$(TARGET_NAME)";
				TEST_HOST = "$(BUILT_PRODUCTS_DIR)/BlurProcessorExample.app/BlurProcessorExample";
			};
			name = Debug;
		};
		B8DEEBC11B7B0ACA008C8E1A /* Release */ = {
			isa = XCBuildConfiguration;
			buildSettings = {
				BUNDLE_LOADER = "$(TEST_HOST)";
				FRAMEWORK_SEARCH_PATHS = (
					"$(SDKROOT)/Developer/Library/Frameworks",
					"$(inherited)",
				);
				INFOPLIST_FILE = BlurProcessorExampleTests/Info.plist;
				LD_RUNPATH_SEARCH_PATHS = "$(inherited) @executable_path/Frameworks @loader_path/Frameworks";
				PRODUCT_NAME = "$(TARGET_NAME)";
				TEST_HOST = "$(BUILT_PRODUCTS_DIR)/BlurProcessorExample.app/BlurProcessorExample";
			};
			name = Release;
		};
/* End XCBuildConfiguration section */

/* Begin XCConfigurationList section */
		B8DEEB941B7B0ACA008C8E1A /* Build configuration list for PBXProject "BlurProcessorExample" */ = {
			isa = XCConfigurationList;
			buildConfigurations = (
				B8DEEBBA1B7B0ACA008C8E1A /* Debug */,
				B8DEEBBB1B7B0ACA008C8E1A /* Release */,
			);
			defaultConfigurationIsVisible = 0;
			defaultConfigurationName = Release;
		};
		B8DEEBBC1B7B0ACA008C8E1A /* Build configuration list for PBXNativeTarget "BlurProcessorExample" */ = {
			isa = XCConfigurationList;
			buildConfigurations = (
				B8DEEBBD1B7B0ACA008C8E1A /* Debug */,
				B8DEEBBE1B7B0ACA008C8E1A /* Release */,
			);
			defaultConfigurationIsVisible = 0;
		};
		B8DEEBBF1B7B0ACA008C8E1A /* Build configuration list for PBXNativeTarget "BlurProcessorExampleTests" */ = {
			isa = XCConfigurationList;
			buildConfigurations = (
				B8DEEBC01B7B0ACA008C8E1A /* Debug */,
				B8DEEBC11B7B0ACA008C8E1A /* Release */,
			);
			defaultConfigurationIsVisible = 0;
		};
/* End XCConfigurationList section */
	};
	rootObject = B8DEEB911B7B0ACA008C8E1A /* Project object */;
}
